// !$*UTF8*$!
{
	archiveVersion = 1;
	classes = {
	};
	objectVersion = 48;
	objects = {

/* Begin PBXBuildFile section */
		D4A52F951FC214A50045241D /* MazeGenerator.swift in Sources */ = {isa = PBXBuildFile; fileRef = D4A52F941FC214A50045241D /* MazeGenerator.swift */; };
		D4AE1ED81FBE10FC0084AEB8 /* AppDelegate.swift in Sources */ = {isa = PBXBuildFile; fileRef = D4AE1ED71FBE10FC0084AEB8 /* AppDelegate.swift */; };
		D4AE1EDA1FBE10FC0084AEB8 /* art.scnassets in Resources */ = {isa = PBXBuildFile; fileRef = D4AE1ED91FBE10FC0084AEB8 /* art.scnassets */; };
		D4AE1EDC1FBE10FC0084AEB8 /* ViewController.swift in Sources */ = {isa = PBXBuildFile; fileRef = D4AE1EDB1FBE10FC0084AEB8 /* ViewController.swift */; };
		D4AE1EDF1FBE10FC0084AEB8 /* Main.storyboard in Resources */ = {isa = PBXBuildFile; fileRef = D4AE1EDD1FBE10FC0084AEB8 /* Main.storyboard */; };
		D4AE1EE11FBE10FC0084AEB8 /* Assets.xcassets in Resources */ = {isa = PBXBuildFile; fileRef = D4AE1EE01FBE10FC0084AEB8 /* Assets.xcassets */; };
		D4AE1EE41FBE10FC0084AEB8 /* LaunchScreen.storyboard in Resources */ = {isa = PBXBuildFile; fileRef = D4AE1EE21FBE10FC0084AEB8 /* LaunchScreen.storyboard */; };
		D4E5AF501FCF34A700D18B8E /* PhysicsCategory.swift in Sources */ = {isa = PBXBuildFile; fileRef = D4E5AF4F1FCF34A700D18B8E /* PhysicsCategory.swift */; };
/* End PBXBuildFile section */

/* Begin PBXFileReference section */
		D4A52F941FC214A50045241D /* MazeGenerator.swift */ = {isa = PBXFileReference; fileEncoding = 4; lastKnownFileType = sourcecode.swift; path = MazeGenerator.swift; sourceTree = "<group>"; };
		D4AE1ED41FBE10FC0084AEB8 /* AR Maze.app */ = {isa = PBXFileReference; explicitFileType = wrapper.application; includeInIndex = 0; path = "AR Maze.app"; sourceTree = BUILT_PRODUCTS_DIR; };
		D4AE1ED71FBE10FC0084AEB8 /* AppDelegate.swift */ = {isa = PBXFileReference; lastKnownFileType = sourcecode.swift; path = AppDelegate.swift; sourceTree = "<group>"; };
		D4AE1ED91FBE10FC0084AEB8 /* art.scnassets */ = {isa = PBXFileReference; lastKnownFileType = wrapper.scnassets; path = art.scnassets; sourceTree = "<group>"; };
		D4AE1EDB1FBE10FC0084AEB8 /* ViewController.swift */ = {isa = PBXFileReference; lastKnownFileType = sourcecode.swift; path = ViewController.swift; sourceTree = "<group>"; };
		D4AE1EDE1FBE10FC0084AEB8 /* Base */ = {isa = PBXFileReference; lastKnownFileType = file.storyboard; name = Base; path = Base.lproj/Main.storyboard; sourceTree = "<group>"; };
		D4AE1EE01FBE10FC0084AEB8 /* Assets.xcassets */ = {isa = PBXFileReference; lastKnownFileType = folder.assetcatalog; path = Assets.xcassets; sourceTree = "<group>"; };
		D4AE1EE31FBE10FC0084AEB8 /* Base */ = {isa = PBXFileReference; lastKnownFileType = file.storyboard; name = Base; path = Base.lproj/LaunchScreen.storyboard; sourceTree = "<group>"; };
		D4AE1EE51FBE10FC0084AEB8 /* Info.plist */ = {isa = PBXFileReference; lastKnownFileType = text.plist.xml; path = Info.plist; sourceTree = "<group>"; };
		D4E5AF4F1FCF34A700D18B8E /* PhysicsCategory.swift */ = {isa = PBXFileReference; lastKnownFileType = sourcecode.swift; path = PhysicsCategory.swift; sourceTree = "<group>"; };
/* End PBXFileReference section */

/* Begin PBXFrameworksBuildPhase section */
		D4AE1ED11FBE10FC0084AEB8 /* Frameworks */ = {
			isa = PBXFrameworksBuildPhase;
			buildActionMask = 2147483647;
			files = (
			);
			runOnlyForDeploymentPostprocessing = 0;
		};
/* End PBXFrameworksBuildPhase section */

/* Begin PBXGroup section */
		D4AE1ECB1FBE10FC0084AEB8 = {
			isa = PBXGroup;
			children = (
				D4AE1ED61FBE10FC0084AEB8 /* AR Maze */,
				D4AE1ED51FBE10FC0084AEB8 /* Products */,
			);
			sourceTree = "<group>";
		};
		D4AE1ED51FBE10FC0084AEB8 /* Products */ = {
			isa = PBXGroup;
			children = (
				D4AE1ED41FBE10FC0084AEB8 /* AR Maze.app */,
			);
			name = Products;
			sourceTree = "<group>";
		};
		D4AE1ED61FBE10FC0084AEB8 /* AR Maze */ = {
			isa = PBXGroup;
			children = (
				D4AE1ED71FBE10FC0084AEB8 /* AppDelegate.swift */,
				D4AE1ED91FBE10FC0084AEB8 /* art.scnassets */,
				D4AE1EDB1FBE10FC0084AEB8 /* ViewController.swift */,
				D4E5AF4F1FCF34A700D18B8E /* PhysicsCategory.swift */,
				D4AE1EDD1FBE10FC0084AEB8 /* Main.storyboard */,
				D4AE1EE01FBE10FC0084AEB8 /* Assets.xcassets */,
				D4A52F941FC214A50045241D /* MazeGenerator.swift */,
				D4AE1EE21FBE10FC0084AEB8 /* LaunchScreen.storyboard */,
				D4AE1EE51FBE10FC0084AEB8 /* Info.plist */,
			);
			path = "AR Maze";
			sourceTree = "<group>";
		};
/* End PBXGroup section */

/* Begin PBXNativeTarget section */
		D4AE1ED31FBE10FC0084AEB8 /* AR Maze */ = {
			isa = PBXNativeTarget;
			buildConfigurationList = D4AE1EE81FBE10FC0084AEB8 /* Build configuration list for PBXNativeTarget "AR Maze" */;
			buildPhases = (
				D4AE1ED01FBE10FC0084AEB8 /* Sources */,
				D4AE1ED11FBE10FC0084AEB8 /* Frameworks */,
				D4AE1ED21FBE10FC0084AEB8 /* Resources */,
			);
			buildRules = (
			);
			dependencies = (
			);
			name = "AR Maze";
			productName = "AR Maze";
			productReference = D4AE1ED41FBE10FC0084AEB8 /* AR Maze.app */;
			productType = "com.apple.product-type.application";
		};
/* End PBXNativeTarget section */

/* Begin PBXProject section */
		D4AE1ECC1FBE10FC0084AEB8 /* Project object */ = {
			isa = PBXProject;
			attributes = {
				LastSwiftUpdateCheck = 0910;
				LastUpgradeCheck = 0910;
				ORGANIZATIONNAME = "Wai Kiet William Leung";
				TargetAttributes = {
					D4AE1ED31FBE10FC0084AEB8 = {
						CreatedOnToolsVersion = 9.1;
						ProvisioningStyle = Automatic;
					};
				};
			};
			buildConfigurationList = D4AE1ECF1FBE10FC0084AEB8 /* Build configuration list for PBXProject "AR Maze" */;
			compatibilityVersion = "Xcode 8.0";
			developmentRegion = en;
			hasScannedForEncodings = 0;
			knownRegions = (
				en,
				Base,
			);
			mainGroup = D4AE1ECB1FBE10FC0084AEB8;
			productRefGroup = D4AE1ED51FBE10FC0084AEB8 /* Products */;
			projectDirPath = "";
			projectRoot = "";
			targets = (
				D4AE1ED31FBE10FC0084AEB8 /* AR Maze */,
			);
		};
/* End PBXProject section */

/* Begin PBXResourcesBuildPhase section */
		D4AE1ED21FBE10FC0084AEB8 /* Resources */ = {
			isa = PBXResourcesBuildPhase;
			buildActionMask = 2147483647;
			files = (
				D4AE1EDA1FBE10FC0084AEB8 /* art.scnassets in Resources */,
				D4AE1EE41FBE10FC0084AEB8 /* LaunchScreen.storyboard in Resources */,
				D4AE1EE11FBE10FC0084AEB8 /* Assets.xcassets in Resources */,
				D4AE1EDF1FBE10FC0084AEB8 /* Main.storyboard in Resources */,
			);
			runOnlyForDeploymentPostprocessing = 0;
		};
/* End PBXResourcesBuildPhase section */

/* Begin PBXSourcesBuildPhase section */
		D4AE1ED01FBE10FC0084AEB8 /* Sources */ = {
			isa = PBXSourcesBuildPhase;
			buildActionMask = 2147483647;
			files = (
				D4A52F951FC214A50045241D /* MazeGenerator.swift in Sources */,
				D4E5AF501FCF34A700D18B8E /* PhysicsCategory.swift in Sources */,
				D4AE1EDC1FBE10FC0084AEB8 /* ViewController.swift in Sources */,
				D4AE1ED81FBE10FC0084AEB8 /* AppDelegate.swift in Sources */,
			);
			runOnlyForDeploymentPostprocessing = 0;
		};
/* End PBXSourcesBuildPhase section */

/* Begin PBXVariantGroup section */
		D4AE1EDD1FBE10FC0084AEB8 /* Main.storyboard */ = {
			isa = PBXVariantGroup;
			children = (
				D4AE1EDE1FBE10FC0084AEB8 /* Base */,
			);
			name = Main.storyboard;
			sourceTree = "<group>";
		};
		D4AE1EE21FBE10FC0084AEB8 /* LaunchScreen.storyboard */ = {
			isa = PBXVariantGroup;
			children = (
				D4AE1EE31FBE10FC0084AEB8 /* Base */,
			);
			name = LaunchScreen.storyboard;
			sourceTree = "<group>";
		};
/* End PBXVariantGroup section */

/* Begin XCBuildConfiguration section */
		D4AE1EE61FBE10FC0084AEB8 /* Debug */ = {
			isa = XCBuildConfiguration;
			buildSettings = {
				ALWAYS_SEARCH_USER_PATHS = NO;
				CLANG_ANALYZER_NONNULL = YES;
				CLANG_ANALYZER_NUMBER_OBJECT_CONVERSION = YES_AGGRESSIVE;
				CLANG_CXX_LANGUAGE_STANDARD = "gnu++14";
				CLANG_CXX_LIBRARY = "libc++";
				CLANG_ENABLE_MODULES = YES;
				CLANG_ENABLE_OBJC_ARC = YES;
				CLANG_WARN_BLOCK_CAPTURE_AUTORELEASING = YES;
				CLANG_WARN_BOOL_CONVERSION = YES;
				CLANG_WARN_COMMA = YES;
				CLANG_WARN_CONSTANT_CONVERSION = YES;
				CLANG_WARN_DIRECT_OBJC_ISA_USAGE = YES_ERROR;
				CLANG_WARN_DOCUMENTATION_COMMENTS = YES;
				CLANG_WARN_EMPTY_BODY = YES;
				CLANG_WARN_ENUM_CONVERSION = YES;
				CLANG_WARN_INFINITE_RECURSION = YES;
				CLANG_WARN_INT_CONVERSION = YES;
				CLANG_WARN_NON_LITERAL_NULL_CONVERSION = YES;
				CLANG_WARN_OBJC_LITERAL_CONVERSION = YES;
				CLANG_WARN_OBJC_ROOT_CLASS = YES_ERROR;
				CLANG_WARN_RANGE_LOOP_ANALYSIS = YES;
				CLANG_WARN_STRICT_PROTOTYPES = YES;
				CLANG_WARN_SUSPICIOUS_MOVE = YES;
				CLANG_WARN_UNGUARDED_AVAILABILITY = YES_AGGRESSIVE;
				CLANG_WARN_UNREACHABLE_CODE = YES;
				CLANG_WARN__DUPLICATE_METHOD_MATCH = YES;
				CODE_SIGN_IDENTITY = "iPhone Developer";
				COPY_PHASE_STRIP = NO;
				DEBUG_INFORMATION_FORMAT = dwarf;
				ENABLE_STRICT_OBJC_MSGSEND = YES;
				ENABLE_TESTABILITY = YES;
				GCC_C_LANGUAGE_STANDARD = gnu11;
				GCC_DYNAMIC_NO_PIC = NO;
				GCC_NO_COMMON_BLOCKS = YES;
				GCC_OPTIMIZATION_LEVEL = 0;
				GCC_PREPROCESSOR_DEFINITIONS = (
					"DEBUG=1",
					"$(inherited)",
				);
				GCC_WARN_64_TO_32_BIT_CONVERSION = YES;
				GCC_WARN_ABOUT_RETURN_TYPE = YES_ERROR;
				GCC_WARN_UNDECLARED_SELECTOR = YES;
				GCC_WARN_UNINITIALIZED_AUTOS = YES_AGGRESSIVE;
				GCC_WARN_UNUSED_FUNCTION = YES;
				GCC_WARN_UNUSED_VARIABLE = YES;
				IPHONEOS_DEPLOYMENT_TARGET = 11.1;
				MTL_ENABLE_DEBUG_INFO = YES;
				ONLY_ACTIVE_ARCH = YES;
				SDKROOT = iphoneos;
				SWIFT_ACTIVE_COMPILATION_CONDITIONS = DEBUG;
				SWIFT_OPTIMIZATION_LEVEL = "-Onone";
			};
			name = Debug;
		};
		D4AE1EE71FBE10FC0084AEB8 /* Release */ = {
			isa = XCBuildConfiguration;
			buildSettings = {
				ALWAYS_SEARCH_USER_PATHS = NO;
				CLANG_ANALYZER_NONNULL = YES;
				CLANG_ANALYZER_NUMBER_OBJECT_CONVERSION = YES_AGGRESSIVE;
				CLANG_CXX_LANGUAGE_STANDARD = "gnu++14";
				CLANG_CXX_LIBRARY = "libc++";
				CLANG_ENABLE_MODULES = YES;
				CLANG_ENABLE_OBJC_ARC = YES;
				CLANG_WARN_BLOCK_CAPTURE_AUTORELEASING = YES;
				CLANG_WARN_BOOL_CONVERSION = YES;
				CLANG_WARN_COMMA = YES;
				CLANG_WARN_CONSTANT_CONVERSION = YES;
				CLANG_WARN_DIRECT_OBJC_ISA_USAGE = YES_ERROR;
				CLANG_WARN_DOCUMENTATION_COMMENTS = YES;
				CLANG_WARN_EMPTY_BODY = YES;
				CLANG_WARN_ENUM_CONVERSION = YES;
				CLANG_WARN_INFINITE_RECURSION = YES;
				CLANG_WARN_INT_CONVERSION = YES;
				CLANG_WARN_NON_LITERAL_NULL_CONVERSION = YES;
				CLANG_WARN_OBJC_LITERAL_CONVERSION = YES;
				CLANG_WARN_OBJC_ROOT_CLASS = YES_ERROR;
				CLANG_WARN_RANGE_LOOP_ANALYSIS = YES;
				CLANG_WARN_STRICT_PROTOTYPES = YES;
				CLANG_WARN_SUSPICIOUS_MOVE = YES;
				CLANG_WARN_UNGUARDED_AVAILABILITY = YES_AGGRESSIVE;
				CLANG_WARN_UNREACHABLE_CODE = YES;
				CLANG_WARN__DUPLICATE_METHOD_MATCH = YES;
				CODE_SIGN_IDENTITY = "iPhone Developer";
				COPY_PHASE_STRIP = NO;
				DEBUG_INFORMATION_FORMAT = "dwarf-with-dsym";
				ENABLE_NS_ASSERTIONS = NO;
				ENABLE_STRICT_OBJC_MSGSEND = YES;
				GCC_C_LANGUAGE_STANDARD = gnu11;
				GCC_NO_COMMON_BLOCKS = YES;
				GCC_WARN_64_TO_32_BIT_CONVERSION = YES;
				GCC_WARN_ABOUT_RETURN_TYPE = YES_ERROR;
				GCC_WARN_UNDECLARED_SELECTOR = YES;
				GCC_WARN_UNINITIALIZED_AUTOS = YES_AGGRESSIVE;
				GCC_WARN_UNUSED_FUNCTION = YES;
				GCC_WARN_UNUSED_VARIABLE = YES;
				IPHONEOS_DEPLOYMENT_TARGET = 11.1;
				MTL_ENABLE_DEBUG_INFO = NO;
				SDKROOT = iphoneos;
				SWIFT_OPTIMIZATION_LEVEL = "-Owholemodule";
				VALIDATE_PRODUCT = YES;
			};
			name = Release;
		};
		D4AE1EE91FBE10FC0084AEB8 /* Debug */ = {
			isa = XCBuildConfiguration;
			buildSettings = {
				ASSETCATALOG_COMPILER_APPICON_NAME = AppIcon;
				CODE_SIGN_STYLE = Automatic;
				DEVELOPMENT_TEAM = 474283QGNU;
				INFOPLIST_FILE = "AR Maze/Info.plist";
				LD_RUNPATH_SEARCH_PATHS = "$(inherited) @executable_path/Frameworks";
				PRODUCT_BUNDLE_IDENTIFIER = "com.example.AR-Maze";
				PRODUCT_NAME = "$(TARGET_NAME)";
				SWIFT_VERSION = 4.0;
				TARGETED_DEVICE_FAMILY = "1,2";
			};
			name = Debug;
		};
		D4AE1EEA1FBE10FC0084AEB8 /* Release */ = {
			isa = XCBuildConfiguration;
			buildSettings = {
				ASSETCATALOG_COMPILER_APPICON_NAME = AppIcon;
				CODE_SIGN_STYLE = Automatic;
				DEVELOPMENT_TEAM = 474283QGNU;
				INFOPLIST_FILE = "AR Maze/Info.plist";
				LD_RUNPATH_SEARCH_PATHS = "$(inherited) @executable_path/Frameworks";
				PRODUCT_BUNDLE_IDENTIFIER = "com.example.AR-Maze";
				PRODUCT_NAME = "$(TARGET_NAME)";
				SWIFT_VERSION = 4.0;
				TARGETED_DEVICE_FAMILY = "1,2";
			};
			name = Release;
		};
/* End XCBuildConfiguration section */

/* Begin XCConfigurationList section */
		D4AE1ECF1FBE10FC0084AEB8 /* Build configuration list for PBXProject "AR Maze" */ = {
			isa = XCConfigurationList;
			buildConfigurations = (
				D4AE1EE61FBE10FC0084AEB8 /* Debug */,
				D4AE1EE71FBE10FC0084AEB8 /* Release */,
			);
			defaultConfigurationIsVisible = 0;
			defaultConfigurationName = Release;
		};
		D4AE1EE81FBE10FC0084AEB8 /* Build configuration list for PBXNativeTarget "AR Maze" */ = {
			isa = XCConfigurationList;
			buildConfigurations = (
				D4AE1EE91FBE10FC0084AEB8 /* Debug */,
				D4AE1EEA1FBE10FC0084AEB8 /* Release */,
			);
			defaultConfigurationIsVisible = 0;
			defaultConfigurationName = Release;
		};
/* End XCConfigurationList section */
	};
	rootObject = D4AE1ECC1FBE10FC0084AEB8 /* Project object */;
}
